
Microsoft Visual Studio Solution File, Format Version 12.00
# Visual Studio Version 17
VisualStudioVersion = 17.7.34024.191
MinimumVisualStudioVersion = 10.0.40219.1
Project("{FAE04EC0-301F-11D3-BF4B-00C04F79EFBC}") = "CRUDUsingMVCwithAdoDotNet", "CRUDUsingMVCwithAdoDotNet\CRUDUsingMVCwithAdoDotNet.csproj", "{B097A4E6-C5F4-4A98-86C4-121F67A8BC92}"
	ProjectSection(ProjectDependencies) = postProject
		{DF311E10-C9BC-4E09-A955-405BAA404FE3} = {DF311E10-C9BC-4E09-A955-405BAA404FE3}
		{EF2BA3F5-AD75-41F0-8CD5-F4F67AC00716} = {EF2BA3F5-AD75-41F0-8CD5-F4F67AC00716}
	EndProjectSection
EndProject
Project("{FAE04EC0-301F-11D3-BF4B-00C04F79EFBC}") = "BusinessAccessLayer", "BusinessAccessLayer\BusinessAccessLayer.csproj", "{EF2BA3F5-AD75-41F0-8CD5-F4F67AC00716}"
	ProjectSection(ProjectDependencies) = postProject
		{53DEB248-BF5C-44E0-8D7E-4DD6C4B82229} = {53DEB248-BF5C-44E0-8D7E-4DD6C4B82229}
		{DF311E10-C9BC-4E09-A955-405BAA404FE3} = {DF311E10-C9BC-4E09-A955-405BAA404FE3}
	EndProjectSection
EndProject
Project("{FAE04EC0-301F-11D3-BF4B-00C04F79EFBC}") = "DataAccessLayer", "DataAccessLayer\DataAccessLayer.csproj", "{53DEB248-BF5C-44E0-8D7E-4DD6C4B82229}"
	ProjectSection(ProjectDependencies) = postProject
		{DF311E10-C9BC-4E09-A955-405BAA404FE3} = {DF311E10-C9BC-4E09-A955-405BAA404FE3}
	EndProjectSection
EndProject
Project("{FAE04EC0-301F-11D3-BF4B-00C04F79EFBC}") = "ModelAccessLayer", "ModelAccessLayer\ModelAccessLayer.csproj", "{DF311E10-C9BC-4E09-A955-405BAA404FE3}"
EndProject
Global
	GlobalSection(SolutionConfigurationPlatforms) = preSolution
		Debug|Any CPU = Debug|Any CPU
		Release|Any CPU = Release|Any CPU
	EndGlobalSection
	GlobalSection(ProjectConfigurationPlatforms) = postSolution
		{B097A4E6-C5F4-4A98-86C4-121F67A8BC92}.Debug|Any CPU.ActiveCfg = Debug|Any CPU
		{B097A4E6-C5F4-4A98-86C4-121F67A8BC92}.Debug|Any CPU.Build.0 = Debug|Any CPU
		{B097A4E6-C5F4-4A98-86C4-121F67A8BC92}.Release|Any CPU.ActiveCfg = Release|Any CPU
		{B097A4E6-C5F4-4A98-86C4-121F67A8BC92}.Release|Any CPU.Build.0 = Release|Any CPU
		{EF2BA3F5-AD75-41F0-8CD5-F4F67AC00716}.Debug|Any CPU.ActiveCfg = Debug|Any CPU
		{EF2BA3F5-AD75-41F0-8CD5-F4F67AC00716}.Debug|Any CPU.Build.0 = Debug|Any CPU
		{EF2BA3F5-AD75-41F0-8CD5-F4F67AC00716}.Release|Any CPU.ActiveCfg = Release|Any CPU
		{EF2BA3F5-AD75-41F0-8CD5-F4F67AC00716}.Release|Any CPU.Build.0 = Release|Any CPU
		{53DEB248-BF5C-44E0-8D7E-4DD6C4B82229}.Debug|Any CPU.ActiveCfg = Debug|Any CPU
		{53DEB248-BF5C-44E0-8D7E-4DD6C4B82229}.Debug|Any CPU.Build.0 = Debug|Any CPU
		{53DEB248-BF5C-44E0-8D7E-4DD6C4B82229}.Release|Any CPU.ActiveCfg = Release|Any CPU
		{53DEB248-BF5C-44E0-8D7E-4DD6C4B82229}.Release|Any CPU.Build.0 = Release|Any CPU
		{DF311E10-C9BC-4E09-A955-405BAA404FE3}.Debug|Any CPU.ActiveCfg = Debug|Any CPU
		{DF311E10-C9BC-4E09-A955-405BAA404FE3}.Debug|Any CPU.Build.0 = Debug|Any CPU
		{DF311E10-C9BC-4E09-A955-405BAA404FE3}.Release|Any CPU.ActiveCfg = Release|Any CPU
		{DF311E10-C9BC-4E09-A955-405BAA404FE3}.Release|Any CPU.Build.0 = Release|Any CPU
	EndGlobalSection
	GlobalSection(SolutionProperties) = preSolution
		HideSolutionNode = FALSE
	EndGlobalSection
	GlobalSection(ExtensibilityGlobals) = postSolution
		SolutionGuid = {75E611DD-A8FC-4972-BE0C-6B2BCE53F013}
	EndGlobalSection
EndGlobal
